// !$*UTF8*$!
{
	archiveVersion = 1;
	classes = {
	};
	objectVersion = 50;
	objects = {

/* Begin PBXBuildFile section */
		409C93C5E87CBAEB5F304745 /* BuildFile in [CT] Embed Carthage Frameworks */ = {isa = PBXBuildFile; settings = {ATTRIBUTES = (RemoveHeadersOnCopy, ); }; };
		4767E638C56355686AA7BC06 /* SVProgressHUD.framework in CopyFiles */ = {isa = PBXBuildFile; fileRef = 291F803C3A101AC8C8E6D9A5 /* SVProgressHUD.framework */; };
		550DC04FB6D614B4FB2BBF89 /* BuildFile in CopyFiles */ = {isa = PBXBuildFile; };
		6559D93620B566E40017B852 /* AppDelegate.swift in Sources */ = {isa = PBXBuildFile; fileRef = 6559D93520B566E40017B852 /* AppDelegate.swift */; };
		6559D93820B566E40017B852 /* ViewController.swift in Sources */ = {isa = PBXBuildFile; fileRef = 6559D93720B566E40017B852 /* ViewController.swift */; };
		6559D93B20B566E40017B852 /* Main.storyboard in Resources */ = {isa = PBXBuildFile; fileRef = 6559D93920B566E40017B852 /* Main.storyboard */; };
		6559D93D20B566E50017B852 /* Assets.xcassets in Resources */ = {isa = PBXBuildFile; fileRef = 6559D93C20B566E50017B852 /* Assets.xcassets */; };
		6559D94020B566E50017B852 /* LaunchScreen.storyboard in Resources */ = {isa = PBXBuildFile; fileRef = 6559D93E20B566E50017B852 /* LaunchScreen.storyboard */; };
		6559D94B20B566E50017B852 /* CarthageScriptExampleTests.swift in Sources */ = {isa = PBXBuildFile; fileRef = 6559D94A20B566E50017B852 /* CarthageScriptExampleTests.swift */; };
		6559D95720B567290017B852 /* UIKit.framework in Frameworks */ = {isa = PBXBuildFile; fileRef = 6559D95620B567290017B852 /* UIKit.framework */; };
		93E62F457AC9A862D51290F2 /* BuildFile in CopyFiles */ = {isa = PBXBuildFile; };
		BCBFAB51CEEF024D254F1381 /* SwiftyJSON.framework in CopyFiles */ = {isa = PBXBuildFile; fileRef = 1A592A579896322348B0E97D /* SwiftyJSON.framework */; };
/* End PBXBuildFile section */

/* Begin PBXContainerItemProxy section */
		6559D94720B566E50017B852 /* PBXContainerItemProxy */ = {
			isa = PBXContainerItemProxy;
			containerPortal = 6559D92A20B566E40017B852 /* Project object */;
			proxyType = 1;
			remoteGlobalIDString = 6559D93120B566E40017B852;
			remoteInfo = CarthageScriptExample;
		};
/* End PBXContainerItemProxy section */

/* Begin PBXCopyFilesBuildPhase section */
		8C7E51221349E20966851D70 /* [CT] Embed Carthage Frameworks */ = {
			isa = PBXCopyFilesBuildPhase;
			buildActionMask = 2147483647;
			dstPath = "";
			dstSubfolderSpec = 10;
			files = (
				409C93C5E87CBAEB5F304745 /* BuildFile in [CT] Embed Carthage Frameworks */,
			);
			name = "[CT] Embed Carthage Frameworks";
			runOnlyForDeploymentPostprocessing = 0;
		};
/* End PBXCopyFilesBuildPhase section */

/* Begin PBXFileReference section */
		1A592A579896322348B0E97D /* SwiftyJSON.framework */ = {isa = PBXFileReference; lastKnownFileType = wrapper.framework; name = SwiftyJSON.framework; path = Carthage/Build/iOS/SwiftyJSON.framework; sourceTree = "<group>"; };
		291F803C3A101AC8C8E6D9A5 /* SVProgressHUD.framework */ = {isa = PBXFileReference; lastKnownFileType = wrapper.framework; name = SVProgressHUD.framework; path = Carthage/Build/iOS/SVProgressHUD.framework; sourceTree = "<group>"; };
		6559D93220B566E40017B852 /* CarthageScriptExample.app */ = {isa = PBXFileReference; explicitFileType = wrapper.application; includeInIndex = 0; path = CarthageScriptExample.app; sourceTree = BUILT_PRODUCTS_DIR; };
		6559D93520B566E40017B852 /* AppDelegate.swift */ = {isa = PBXFileReference; lastKnownFileType = sourcecode.swift; path = AppDelegate.swift; sourceTree = "<group>"; };
		6559D93720B566E40017B852 /* ViewController.swift */ = {isa = PBXFileReference; lastKnownFileType = sourcecode.swift; path = ViewController.swift; sourceTree = "<group>"; };
		6559D93A20B566E40017B852 /* Base */ = {isa = PBXFileReference; lastKnownFileType = file.storyboard; name = Base; path = Base.lproj/Main.storyboard; sourceTree = "<group>"; };
		6559D93C20B566E50017B852 /* Assets.xcassets */ = {isa = PBXFileReference; lastKnownFileType = folder.assetcatalog; path = Assets.xcassets; sourceTree = "<group>"; };
		6559D93F20B566E50017B852 /* Base */ = {isa = PBXFileReference; lastKnownFileType = file.storyboard; name = Base; path = Base.lproj/LaunchScreen.storyboard; sourceTree = "<group>"; };
		6559D94120B566E50017B852 /* Info.plist */ = {isa = PBXFileReference; lastKnownFileType = text.plist.xml; path = Info.plist; sourceTree = "<group>"; };
		6559D94620B566E50017B852 /* CarthageScriptExampleTests.xctest */ = {isa = PBXFileReference; explicitFileType = wrapper.cfbundle; includeInIndex = 0; path = CarthageScriptExampleTests.xctest; sourceTree = BUILT_PRODUCTS_DIR; };
		6559D94A20B566E50017B852 /* CarthageScriptExampleTests.swift */ = {isa = PBXFileReference; lastKnownFileType = sourcecode.swift; path = CarthageScriptExampleTests.swift; sourceTree = "<group>"; };
		6559D94C20B566E50017B852 /* Info.plist */ = {isa = PBXFileReference; lastKnownFileType = text.plist.xml; path = Info.plist; sourceTree = "<group>"; };
		6559D95620B567290017B852 /* UIKit.framework */ = {isa = PBXFileReference; lastKnownFileType = wrapper.framework; name = UIKit.framework; path = System/Library/Frameworks/UIKit.framework; sourceTree = SDKROOT; };
/* End PBXFileReference section */

/* Begin PBXFrameworksBuildPhase section */
		6559D92F20B566E40017B852 /* Frameworks */ = {
			isa = PBXFrameworksBuildPhase;
			buildActionMask = 2147483647;
			files = (
				6559D95720B567290017B852 /* UIKit.framework in Frameworks */,
			);
			runOnlyForDeploymentPostprocessing = 0;
		};
		6559D94320B566E50017B852 /* Frameworks */ = {
			isa = PBXFrameworksBuildPhase;
			buildActionMask = 2147483647;
			files = (
			);
			runOnlyForDeploymentPostprocessing = 0;
		};
/* End PBXFrameworksBuildPhase section */

/* Begin PBXGroup section */
		6559D92920B566E40017B852 = {
			isa = PBXGroup;
			children = (
				6559D93420B566E40017B852 /* CarthageScriptExample */,
				6559D94920B566E50017B852 /* CarthageScriptExampleTests */,
				6559D93320B566E40017B852 /* Products */,
				6559D95520B567290017B852 /* Frameworks */,
			);
			sourceTree = "<group>";
		};
		6559D93320B566E40017B852 /* Products */ = {
			isa = PBXGroup;
			children = (
				6559D93220B566E40017B852 /* CarthageScriptExample.app */,
				6559D94620B566E50017B852 /* CarthageScriptExampleTests.xctest */,
			);
			name = Products;
			sourceTree = "<group>";
		};
		6559D93420B566E40017B852 /* CarthageScriptExample */ = {
			isa = PBXGroup;
			children = (
				6559D93520B566E40017B852 /* AppDelegate.swift */,
				6559D93720B566E40017B852 /* ViewController.swift */,
				6559D93920B566E40017B852 /* Main.storyboard */,
				6559D93C20B566E50017B852 /* Assets.xcassets */,
				6559D93E20B566E50017B852 /* LaunchScreen.storyboard */,
				6559D94120B566E50017B852 /* Info.plist */,
			);
			path = CarthageScriptExample;
			sourceTree = "<group>";
		};
		6559D94920B566E50017B852 /* CarthageScriptExampleTests */ = {
			isa = PBXGroup;
			children = (
				6559D94A20B566E50017B852 /* CarthageScriptExampleTests.swift */,
				6559D94C20B566E50017B852 /* Info.plist */,
			);
			path = CarthageScriptExampleTests;
			sourceTree = "<group>";
		};
		6559D95520B567290017B852 /* Frameworks */ = {
			isa = PBXGroup;
			children = (
				6559D95620B567290017B852 /* UIKit.framework */,
				1A592A579896322348B0E97D /* SwiftyJSON.framework */,
				291F803C3A101AC8C8E6D9A5 /* SVProgressHUD.framework */,
			);
			name = Frameworks;
			sourceTree = "<group>";
		};
/* End PBXGroup section */

/* Begin PBXNativeTarget section */
		6559D93120B566E40017B852 /* CarthageScriptExample */ = {
			isa = PBXNativeTarget;
			buildConfigurationList = 6559D94F20B566E50017B852 /* Build configuration list for PBXNativeTarget "CarthageScriptExample" */;
			buildPhases = (
				6559D92E20B566E40017B852 /* Sources */,
				6559D92F20B566E40017B852 /* Frameworks */,
				6559D93020B566E40017B852 /* Resources */,
				4C843BCB967AAA3EC228649A /* ;l */,
				3C08041B104CF0AE68AD5D23 /* [CT] Carthage Script */,
			);
			buildRules = (
			);
			dependencies = (
			);
			name = CarthageScriptExample;
			productName = CarthageScriptExample;
			productReference = 6559D93220B566E40017B852 /* CarthageScriptExample.app */;
			productType = "com.apple.product-type.application";
		};
		6559D94520B566E50017B852 /* CarthageScriptExampleTests */ = {
			isa = PBXNativeTarget;
			buildConfigurationList = 6559D95220B566E50017B852 /* Build configuration list for PBXNativeTarget "CarthageScriptExampleTests" */;
			buildPhases = (
				6559D94220B566E50017B852 /* Sources */,
				6559D94320B566E50017B852 /* Frameworks */,
				6559D94420B566E50017B852 /* Resources */,
				8C7E51221349E20966851D70 /* [CT] Embed Carthage Frameworks */,
				0449633AB3FB7BF843B5166F /* [CT] Carthage Script */,
			);
			buildRules = (
			);
			dependencies = (
				6559D94820B566E50017B852 /* PBXTargetDependency */,
			);
			name = CarthageScriptExampleTests;
			productName = CarthageScriptExampleTests;
			productReference = 6559D94620B566E50017B852 /* CarthageScriptExampleTests.xctest */;
			productType = "com.apple.product-type.bundle.unit-test";
		};
/* End PBXNativeTarget section */

/* Begin PBXProject section */
		6559D92A20B566E40017B852 /* Project object */ = {
			isa = PBXProject;
			attributes = {
				LastSwiftUpdateCheck = 0930;
				LastUpgradeCheck = 0930;
				ORGANIZATIONNAME = "k-lpmg";
				TargetAttributes = {
					6559D93120B566E40017B852 = {
						CreatedOnToolsVersion = 9.3;
					};
					6559D94520B566E50017B852 = {
						CreatedOnToolsVersion = 9.3;
						TestTargetID = 6559D93120B566E40017B852;
					};
				};
			};
			buildConfigurationList = 6559D92D20B566E40017B852 /* Build configuration list for PBXProject "CarthageScriptExample" */;
			compatibilityVersion = "Xcode 9.3";
			developmentRegion = en;
			hasScannedForEncodings = 0;
			knownRegions = (
				en,
				Base,
			);
			mainGroup = 6559D92920B566E40017B852;
			productRefGroup = 6559D93320B566E40017B852 /* Products */;
			projectDirPath = "";
			projectRoot = "";
			targets = (
				6559D93120B566E40017B852 /* CarthageScriptExample */,
				6559D94520B566E50017B852 /* CarthageScriptExampleTests */,
			);
		};
/* End PBXProject section */

/* Begin PBXResourcesBuildPhase section */
		6559D93020B566E40017B852 /* Resources */ = {
			isa = PBXResourcesBuildPhase;
			buildActionMask = 2147483647;
			files = (
				6559D94020B566E50017B852 /* LaunchScreen.storyboard in Resources */,
				6559D93D20B566E50017B852 /* Assets.xcassets in Resources */,
				6559D93B20B566E40017B852 /* Main.storyboard in Resources */,
			);
			runOnlyForDeploymentPostprocessing = 0;
		};
		6559D94420B566E50017B852 /* Resources */ = {
			isa = PBXResourcesBuildPhase;
			buildActionMask = 2147483647;
			files = (
			);
			runOnlyForDeploymentPostprocessing = 0;
		};
/* End PBXResourcesBuildPhase section */

/* Begin PBXShellScriptBuildPhase section */
		0449633AB3FB7BF843B5166F /* [CT] Carthage Script */ = {
			isa = PBXShellScriptBuildPhase;
			buildActionMask = 2147483647;
			files = (
			);
			inputPaths = (
				"${SRCROOT}/Carthage/Build/iOS/SwiftyJSON.framework",
				"${SRCROOT}/Carthage/Build/iOS/SVProgressHUD.framework",
			);
			name = "[CT] Carthage Script";
			outputPaths = (
			);
			runOnlyForDeploymentPostprocessing = 0;
			shellPath = /bin/sh;
			shellScript = "/usr/local/bin/carthage copy-frameworks";
			showEnvVarsInLog = 1;
		};
		3C08041B104CF0AE68AD5D23 /* [CT] Carthage Script */ = {
			isa = PBXShellScriptBuildPhase;
			buildActionMask = 2147483647;
			files = (
			);
			inputPaths = (
				"${SRCROOT}/Carthage/Build/iOS/SwiftyJSON.framework",
				"${SRCROOT}/Carthage/Build/iOS/SVProgressHUD.framework",
			);
			name = "[CT] Carthage Script";
			outputPaths = (
			);
			runOnlyForDeploymentPostprocessing = 0;
			shellPath = /bin/sh;
			shellScript = "/usr/local/bin/carthage copy-frameworks";
			showEnvVarsInLog = 1;
		};
		4C843BCB967AAA3EC228649A /* ;l */ = {
			isa = PBXShellScriptBuildPhase;
			buildActionMask = 2147483647;
			files = (
			);
			inputPaths = (
				"${SRCROOT}/Carthage/Build/iOS/SwiftyJSON.framework",
			);
			name = ";l";
			outputPaths = (
			);
			runOnlyForDeploymentPostprocessing = 0;
			shellPath = /bin/sh;
			shellScript = "/usr/local/bin/carthage copy-frameworks";
		};
/* End PBXShellScriptBuildPhase section */

/* Begin PBXSourcesBuildPhase section */
		6559D92E20B566E40017B852 /* Sources */ = {
			isa = PBXSourcesBuildPhase;
			buildActionMask = 2147483647;
			files = (
				6559D93820B566E40017B852 /* ViewController.swift in Sources */,
				6559D93620B566E40017B852 /* AppDelegate.swift in Sources */,
			);
			runOnlyForDeploymentPostprocessing = 0;
		};
		6559D94220B566E50017B852 /* Sources */ = {
			isa = PBXSourcesBuildPhase;
			buildActionMask = 2147483647;
			files = (
				6559D94B20B566E50017B852 /* CarthageScriptExampleTests.swift in Sources */,
			);
			runOnlyForDeploymentPostprocessing = 0;
		};
/* End PBXSourcesBuildPhase section */

/* Begin PBXTargetDependency section */
		6559D94820B566E50017B852 /* PBXTargetDependency */ = {
			isa = PBXTargetDependency;
			target = 6559D93120B566E40017B852 /* CarthageScriptExample */;
			targetProxy = 6559D94720B566E50017B852 /* PBXContainerItemProxy */;
		};
/* End PBXTargetDependency section */

/* Begin PBXVariantGroup section */
		6559D93920B566E40017B852 /* Main.storyboard */ = {
			isa = PBXVariantGroup;
			children = (
				6559D93A20B566E40017B852 /* Base */,
			);
			name = Main.storyboard;
			sourceTree = "<group>";
		};
		6559D93E20B566E50017B852 /* LaunchScreen.storyboard */ = {
			isa = PBXVariantGroup;
			children = (
				6559D93F20B566E50017B852 /* Base */,
			);
			name = LaunchScreen.storyboard;
			sourceTree = "<group>";
		};
/* End PBXVariantGroup section */

/* Begin XCBuildConfiguration section */
		6559D94D20B566E50017B852 /* Debug */ = {
			isa = XCBuildConfiguration;
			buildSettings = {
				ALWAYS_SEARCH_USER_PATHS = NO;
				CLANG_ANALYZER_NONNULL = YES;
				CLANG_ANALYZER_NUMBER_OBJECT_CONVERSION = YES_AGGRESSIVE;
				CLANG_CXX_LANGUAGE_STANDARD = "gnu++14";
				CLANG_CXX_LIBRARY = "libc++";
				CLANG_ENABLE_MODULES = YES;
				CLANG_ENABLE_OBJC_ARC = YES;
				CLANG_ENABLE_OBJC_WEAK = YES;
				CLANG_WARN_BLOCK_CAPTURE_AUTORELEASING = YES;
				CLANG_WARN_BOOL_CONVERSION = YES;
				CLANG_WARN_COMMA = YES;
				CLANG_WARN_CONSTANT_CONVERSION = YES;
				CLANG_WARN_DEPRECATED_OBJC_IMPLEMENTATIONS = YES;
				CLANG_WARN_DIRECT_OBJC_ISA_USAGE = YES_ERROR;
				CLANG_WARN_DOCUMENTATION_COMMENTS = YES;
				CLANG_WARN_EMPTY_BODY = YES;
				CLANG_WARN_ENUM_CONVERSION = YES;
				CLANG_WARN_INFINITE_RECURSION = YES;
				CLANG_WARN_INT_CONVERSION = YES;
				CLANG_WARN_NON_LITERAL_NULL_CONVERSION = YES;
				CLANG_WARN_OBJC_IMPLICIT_RETAIN_SELF = YES;
				CLANG_WARN_OBJC_LITERAL_CONVERSION = YES;
				CLANG_WARN_OBJC_ROOT_CLASS = YES_ERROR;
				CLANG_WARN_RANGE_LOOP_ANALYSIS = YES;
				CLANG_WARN_STRICT_PROTOTYPES = YES;
				CLANG_WARN_SUSPICIOUS_MOVE = YES;
				CLANG_WARN_UNGUARDED_AVAILABILITY = YES_AGGRESSIVE;
				CLANG_WARN_UNREACHABLE_CODE = YES;
				CLANG_WARN__DUPLICATE_METHOD_MATCH = YES;
				CODE_SIGN_IDENTITY = "iPhone Developer";
				COPY_PHASE_STRIP = NO;
				DEBUG_INFORMATION_FORMAT = dwarf;
				ENABLE_STRICT_OBJC_MSGSEND = YES;
				ENABLE_TESTABILITY = YES;
				FRAMEWORK_SEARCH_PATHS = (
					"$(PROJECT_DIR)/Carthage/Build/iOS",
					"(\n",
					"\"$(PROJECT_DIR)/Carthage/Build/iOS\"\n)",
				);
				GCC_C_LANGUAGE_STANDARD = gnu11;
				GCC_DYNAMIC_NO_PIC = NO;
				GCC_NO_COMMON_BLOCKS = YES;
				GCC_OPTIMIZATION_LEVEL = 0;
				GCC_PREPROCESSOR_DEFINITIONS = (
					"DEBUG=1",
					"$(inherited)",
				);
				GCC_WARN_64_TO_32_BIT_CONVERSION = YES;
				GCC_WARN_ABOUT_RETURN_TYPE = YES_ERROR;
				GCC_WARN_UNDECLARED_SELECTOR = YES;
				GCC_WARN_UNINITIALIZED_AUTOS = YES_AGGRESSIVE;
				GCC_WARN_UNUSED_FUNCTION = YES;
				GCC_WARN_UNUSED_VARIABLE = YES;
				IPHONEOS_DEPLOYMENT_TARGET = 11.3;
				MTL_ENABLE_DEBUG_INFO = YES;
				ONLY_ACTIVE_ARCH = YES;
				SDKROOT = iphoneos;
				SWIFT_ACTIVE_COMPILATION_CONDITIONS = DEBUG;
				SWIFT_OPTIMIZATION_LEVEL = "-Onone";
			};
			name = Debug;
		};
		6559D94E20B566E50017B852 /* Release */ = {
			isa = XCBuildConfiguration;
			buildSettings = {
				ALWAYS_SEARCH_USER_PATHS = NO;
				CLANG_ANALYZER_NONNULL = YES;
				CLANG_ANALYZER_NUMBER_OBJECT_CONVERSION = YES_AGGRESSIVE;
				CLANG_CXX_LANGUAGE_STANDARD = "gnu++14";
				CLANG_CXX_LIBRARY = "libc++";
				CLANG_ENABLE_MODULES = YES;
				CLANG_ENABLE_OBJC_ARC = YES;
				CLANG_ENABLE_OBJC_WEAK = YES;
				CLANG_WARN_BLOCK_CAPTURE_AUTORELEASING = YES;
				CLANG_WARN_BOOL_CONVERSION = YES;
				CLANG_WARN_COMMA = YES;
				CLANG_WARN_CONSTANT_CONVERSION = YES;
				CLANG_WARN_DEPRECATED_OBJC_IMPLEMENTATIONS = YES;
				CLANG_WARN_DIRECT_OBJC_ISA_USAGE = YES_ERROR;
				CLANG_WARN_DOCUMENTATION_COMMENTS = YES;
				CLANG_WARN_EMPTY_BODY = YES;
				CLANG_WARN_ENUM_CONVERSION = YES;
				CLANG_WARN_INFINITE_RECURSION = YES;
				CLANG_WARN_INT_CONVERSION = YES;
				CLANG_WARN_NON_LITERAL_NULL_CONVERSION = YES;
				CLANG_WARN_OBJC_IMPLICIT_RETAIN_SELF = YES;
				CLANG_WARN_OBJC_LITERAL_CONVERSION = YES;
				CLANG_WARN_OBJC_ROOT_CLASS = YES_ERROR;
				CLANG_WARN_RANGE_LOOP_ANALYSIS = YES;
				CLANG_WARN_STRICT_PROTOTYPES = YES;
				CLANG_WARN_SUSPICIOUS_MOVE = YES;
				CLANG_WARN_UNGUARDED_AVAILABILITY = YES_AGGRESSIVE;
				CLANG_WARN_UNREACHABLE_CODE = YES;
				CLANG_WARN__DUPLICATE_METHOD_MATCH = YES;
				CODE_SIGN_IDENTITY = "iPhone Developer";
				COPY_PHASE_STRIP = NO;
				DEBUG_INFORMATION_FORMAT = "dwarf-with-dsym";
				ENABLE_NS_ASSERTIONS = NO;
				ENABLE_STRICT_OBJC_MSGSEND = YES;
				FRAMEWORK_SEARCH_PATHS = (
					"$(PROJECT_DIR)/Carthage/Build/iOS",
					"(\n",
					"\"$(PROJECT_DIR)/Carthage/Build/iOS\"\n)",
				);
				GCC_C_LANGUAGE_STANDARD = gnu11;
				GCC_NO_COMMON_BLOCKS = YES;
				GCC_WARN_64_TO_32_BIT_CONVERSION = YES;
				GCC_WARN_ABOUT_RETURN_TYPE = YES_ERROR;
				GCC_WARN_UNDECLARED_SELECTOR = YES;
				GCC_WARN_UNINITIALIZED_AUTOS = YES_AGGRESSIVE;
				GCC_WARN_UNUSED_FUNCTION = YES;
				GCC_WARN_UNUSED_VARIABLE = YES;
				IPHONEOS_DEPLOYMENT_TARGET = 11.3;
				MTL_ENABLE_DEBUG_INFO = NO;
				SDKROOT = iphoneos;
				SWIFT_COMPILATION_MODE = wholemodule;
				SWIFT_OPTIMIZATION_LEVEL = "-O";
				VALIDATE_PRODUCT = YES;
			};
			name = Release;
		};
		6559D95020B566E50017B852 /* Debug */ = {
			isa = XCBuildConfiguration;
			buildSettings = {
				ASSETCATALOG_COMPILER_APPICON_NAME = AppIcon;
				CODE_SIGN_STYLE = Automatic;
				FRAMEWORK_SEARCH_PATHS = (
					"$(inherited)",
					"$(PROJECT_DIR)/Carthage/Build/iOS",
				);
				INFOPLIST_FILE = CarthageScriptExample/Info.plist;
				IPHONEOS_DEPLOYMENT_TARGET = 9.0;
				LD_RUNPATH_SEARCH_PATHS = (
					"$(inherited)",
					"@executable_path/Frameworks",
				);
				PRODUCT_BUNDLE_IDENTIFIER = "k-lpmg.CarthageScriptExample";
				PRODUCT_NAME = "$(TARGET_NAME)";
				SWIFT_VERSION = 4.0;
				TARGETED_DEVICE_FAMILY = "1,2";
			};
			name = Debug;
		};
		6559D95120B566E50017B852 /* Release */ = {
			isa = XCBuildConfiguration;
			buildSettings = {
				ASSETCATALOG_COMPILER_APPICON_NAME = AppIcon;
				CODE_SIGN_STYLE = Automatic;
				FRAMEWORK_SEARCH_PATHS = (
					"$(inherited)",
					"$(PROJECT_DIR)/Carthage/Build/iOS",
				);
				INFOPLIST_FILE = CarthageScriptExample/Info.plist;
				IPHONEOS_DEPLOYMENT_TARGET = 9.0;
				LD_RUNPATH_SEARCH_PATHS = (
					"$(inherited)",
					"@executable_path/Frameworks",
				);
				PRODUCT_BUNDLE_IDENTIFIER = "k-lpmg.CarthageScriptExample";
				PRODUCT_NAME = "$(TARGET_NAME)";
				SWIFT_VERSION = 4.0;
				TARGETED_DEVICE_FAMILY = "1,2";
			};
			name = Release;
		};
		6559D95320B566E50017B852 /* Debug */ = {
			isa = XCBuildConfiguration;
			buildSettings = {
				ALWAYS_EMBED_SWIFT_STANDARD_LIBRARIES = YES;
				BUNDLE_LOADER = "$(TEST_HOST)";
				CODE_SIGN_STYLE = Automatic;
				FRAMEWORK_SEARCH_PATHS = (
					"$(inherited)",
					"$(PROJECT_DIR)/Carthage/Build/iOS",
				);
				INFOPLIST_FILE = CarthageScriptExampleTests/Info.plist;
				LD_RUNPATH_SEARCH_PATHS = (
					"$(inherited)",
					"@executable_path/Frameworks",
					"@loader_path/Frameworks",
				);
				PRODUCT_BUNDLE_IDENTIFIER = "k-lpmg.CarthageScriptExampleTests";
				PRODUCT_NAME = "$(TARGET_NAME)";
				SWIFT_VERSION = 4.0;
				TARGETED_DEVICE_FAMILY = "1,2";
				TEST_HOST = "$(BUILT_PRODUCTS_DIR)/CarthageScriptExample.app/CarthageScriptExample";
			};
			name = Debug;
		};
		6559D95420B566E50017B852 /* Release */ = {
			isa = XCBuildConfiguration;
			buildSettings = {
				ALWAYS_EMBED_SWIFT_STANDARD_LIBRARIES = YES;
				BUNDLE_LOADER = "$(TEST_HOST)";
				CODE_SIGN_STYLE = Automatic;
				FRAMEWORK_SEARCH_PATHS = (
					"$(inherited)",
					"$(PROJECT_DIR)/Carthage/Build/iOS",
				);
				INFOPLIST_FILE = CarthageScriptExampleTests/Info.plist;
				LD_RUNPATH_SEARCH_PATHS = (
					"$(inherited)",
					"@executable_path/Frameworks",
					"@loader_path/Frameworks",
				);
				PRODUCT_BUNDLE_IDENTIFIER = "k-lpmg.CarthageScriptExampleTests";
				PRODUCT_NAME = "$(TARGET_NAME)";
				SWIFT_VERSION = 4.0;
				TARGETED_DEVICE_FAMILY = "1,2";
				TEST_HOST = "$(BUILT_PRODUCTS_DIR)/CarthageScriptExample.app/CarthageScriptExample";
			};
			name = Release;
		};
/* End XCBuildConfiguration section */

/* Begin XCConfigurationList section */
		6559D92D20B566E40017B852 /* Build configuration list for PBXProject "CarthageScriptExample" */ = {
			isa = XCConfigurationList;
			buildConfigurations = (
				6559D94D20B566E50017B852 /* Debug */,
				6559D94E20B566E50017B852 /* Release */,
			);
			defaultConfigurationIsVisible = 0;
			defaultConfigurationName = Release;
		};
		6559D94F20B566E50017B852 /* Build configuration list for PBXNativeTarget "CarthageScriptExample" */ = {
			isa = XCConfigurationList;
			buildConfigurations = (
				6559D95020B566E50017B852 /* Debug */,
				6559D95120B566E50017B852 /* Release */,
			);
			defaultConfigurationIsVisible = 0;
			defaultConfigurationName = Release;
		};
		6559D95220B566E50017B852 /* Build configuration list for PBXNativeTarget "CarthageScriptExampleTests" */ = {
			isa = XCConfigurationList;
			buildConfigurations = (
				6559D95320B566E50017B852 /* Debug */,
				6559D95420B566E50017B852 /* Release */,
			);
			defaultConfigurationIsVisible = 0;
			defaultConfigurationName = Release;
		};
/* End XCConfigurationList section */
	};
	rootObject = 6559D92A20B566E40017B852 /* Project object */;
}
